
Microsoft Visual Studio Solution File, Format Version 12.00
# Visual Studio 14
VisualStudioVersion = 14.0.23107.0
MinimumVisualStudioVersion = 10.0.40219.1
Project("{FAE04EC0-301F-11D3-BF4B-00C04F79EFBC}") = "course", "course\course.csproj", "{EB66BB73-5ABA-4C79-AEB9-A6915D2654EA}"
EndProject
Project("{FAE04EC0-301F-11D3-BF4B-00C04F79EFBC}") = "AspNet.Identity.CustomDatabase", "D:\CustomIdentity\AspNet.Identity.MySQL\AspNet.Identity.CustomDatabase.csproj", "{26F6ECF9-4369-417B-8CF2-54FA92DF3660}"
EndProject
Project("{FAE04EC0-301F-11D3-BF4B-00C04F79EFBC}") = "Course2015Tests", "Course2015Tests\Course2015Tests.csproj", "{01F0577B-D876-4586-9C60-C43D83D660DA}"
EndProject
Global
	GlobalSection(SolutionConfigurationPlatforms) = preSolution
		Debug|Any CPU = Debug|Any CPU
		Release|Any CPU = Release|Any CPU
	EndGlobalSection
	GlobalSection(ProjectConfigurationPlatforms) = postSolution
		{EB66BB73-5ABA-4C79-AEB9-A6915D2654EA}.Debug|Any CPU.ActiveCfg = Debug|Any CPU
		{EB66BB73-5ABA-4C79-AEB9-A6915D2654EA}.Debug|Any CPU.Build.0 = Debug|Any CPU
		{EB66BB73-5ABA-4C79-AEB9-A6915D2654EA}.Release|Any CPU.ActiveCfg = Release|Any CPU
		{EB66BB73-5ABA-4C79-AEB9-A6915D2654EA}.Release|Any CPU.Build.0 = Release|Any CPU
		{26F6ECF9-4369-417B-8CF2-54FA92DF3660}.Debug|Any CPU.ActiveCfg = Debug|Any CPU
		{26F6ECF9-4369-417B-8CF2-54FA92DF3660}.Debug|Any CPU.Build.0 = Debug|Any CPU
		{26F6ECF9-4369-417B-8CF2-54FA92DF3660}.Release|Any CPU.ActiveCfg = Release|Any CPU
		{26F6ECF9-4369-417B-8CF2-54FA92DF3660}.Release|Any CPU.Build.0 = Release|Any CPU
		{01F0577B-D876-4586-9C60-C43D83D660DA}.Debug|Any CPU.ActiveCfg = Debug|Any CPU
		{01F0577B-D876-4586-9C60-C43D83D660DA}.Debug|Any CPU.Build.0 = Debug|Any CPU
		{01F0577B-D876-4586-9C60-C43D83D660DA}.Release|Any CPU.ActiveCfg = Release|Any CPU
		{01F0577B-D876-4586-9C60-C43D83D660DA}.Release|Any CPU.Build.0 = Release|Any CPU
	EndGlobalSection
	GlobalSection(SolutionProperties) = preSolution
		HideSolutionNode = FALSE
	EndGlobalSection
EndGlobal
